{
  "version": "3",
  "packages": {
    "specifiers": {
      "jsr:@std/ulid": "jsr:@std/ulid@1.0.0"
    },
    "jsr": {
      "@std/ulid@1.0.0": {
        "integrity": "d41c3d27a907714413649fee864b7cde8d42ee68437d22b79d5de4f81d808780"
      }
    }
  },
  "remote": {
    "https://deno.land/x/delay@v0.2.0/mod.ts": "5ae83b4c1d128ec2246edd11f12df76ce184a755ff9bf48e0940346fb310571d",
    "https://deno.land/x/delay@v0.2.0/src/delay.ts": "6434eeb9baf3034143832be5dcfe54e4d78bafbcca58c69bb6c9f2b983b0f497"
  }
}
